
Microsoft Visual Studio Solution File, Format Version 12.00
# Visual Studio 15
VisualStudioVersion = 15.0.28307.902
MinimumVisualStudioVersion = 10.0.40219.1
Project("{FAE04EC0-301F-11D3-BF4B-00C04F79EFBC}") = "WpfApp2", "WpfApp2\WpfApp2.csproj", "{44DA79D5-F9DB-4B16-BC02-DC63686B41A5}"
EndProject
Project("{FAE04EC0-301F-11D3-BF4B-00C04F79EFBC}") = "WPF.DataAccess", "WPF.DataAccess\WPF.DataAccess.csproj", "{CC7D63D2-9780-4394-8B5F-BBDA79341C6C}"
EndProject
Project("{FAE04EC0-301F-11D3-BF4B-00C04F79EFBC}") = "WPF.Entities", "WPF.Entities\WPF.Entities.csproj", "{49647D8C-60E4-4E4D-A9CB-B69490C51570}"
EndProject
Global
	GlobalSection(SolutionConfigurationPlatforms) = preSolution
		Debug|Any CPU = Debug|Any CPU
		Release|Any CPU = Release|Any CPU
	EndGlobalSection
	GlobalSection(ProjectConfigurationPlatforms) = postSolution
		{44DA79D5-F9DB-4B16-BC02-DC63686B41A5}.Debug|Any CPU.ActiveCfg = Debug|Any CPU
		{44DA79D5-F9DB-4B16-BC02-DC63686B41A5}.Debug|Any CPU.Build.0 = Debug|Any CPU
		{44DA79D5-F9DB-4B16-BC02-DC63686B41A5}.Release|Any CPU.ActiveCfg = Release|Any CPU
		{44DA79D5-F9DB-4B16-BC02-DC63686B41A5}.Release|Any CPU.Build.0 = Release|Any CPU
		{CC7D63D2-9780-4394-8B5F-BBDA79341C6C}.Debug|Any CPU.ActiveCfg = Debug|Any CPU
		{CC7D63D2-9780-4394-8B5F-BBDA79341C6C}.Debug|Any CPU.Build.0 = Debug|Any CPU
		{CC7D63D2-9780-4394-8B5F-BBDA79341C6C}.Release|Any CPU.ActiveCfg = Release|Any CPU
		{CC7D63D2-9780-4394-8B5F-BBDA79341C6C}.Release|Any CPU.Build.0 = Release|Any CPU
		{49647D8C-60E4-4E4D-A9CB-B69490C51570}.Debug|Any CPU.ActiveCfg = Debug|Any CPU
		{49647D8C-60E4-4E4D-A9CB-B69490C51570}.Debug|Any CPU.Build.0 = Debug|Any CPU
		{49647D8C-60E4-4E4D-A9CB-B69490C51570}.Release|Any CPU.ActiveCfg = Release|Any CPU
		{49647D8C-60E4-4E4D-A9CB-B69490C51570}.Release|Any CPU.Build.0 = Release|Any CPU
	EndGlobalSection
	GlobalSection(SolutionProperties) = preSolution
		HideSolutionNode = FALSE
	EndGlobalSection
	GlobalSection(ExtensibilityGlobals) = postSolution
		SolutionGuid = {8D64AA6D-85A0-4648-87F2-DBA04F5291B0}
	EndGlobalSection
EndGlobal
